PODS:
  - metamask-ios-sdk (0.1.0):
    - Socket.IO-Client-Swift (~> 15.2.0)
  - Socket.IO-Client-Swift (15.2.0):
    - Starscream (~> 3.1)
  - Starscream (3.1.1)

DEPENDENCIES:
  - metamask-ios-sdk (from `../`)
  - Socket.IO-Client-Swift (~> 15.2.0)

SPEC REPOS:
  trunk:
    - Socket.IO-Client-Swift
    - Starscream

EXTERNAL SOURCES:
  metamask-ios-sdk:
    :path: "../"

SPEC CHECKSUMS:
  metamask-ios-sdk: ed00d06620489925002283de7226628977a272c7
  Socket.IO-Client-Swift: 1e3e3a1f09f3312a167f0d781eb2f383d477357c
  Starscream: 4bb2f9942274833f7b4d296a55504dcfc7edb7b0

PODFILE CHECKSUM: f22884483c9a8dfab7dbc6542b375f133e0f2ae9

COCOAPODS: 1.11.3
